// !$*UTF8*$!
{
	archiveVersion = 1;
	classes = {
	};
	objectVersion = 46;
	objects = {

/* Begin PBXBuildFile section */
		184174DE1918776C00254C55 /* Foundation.framework in Frameworks */ = {isa = PBXBuildFile; fileRef = 184174DD1918776C00254C55 /* Foundation.framework */; };
		184174E01918776C00254C55 /* CoreGraphics.framework in Frameworks */ = {isa = PBXBuildFile; fileRef = 184174DF1918776C00254C55 /* CoreGraphics.framework */; };
		184174E21918776C00254C55 /* UIKit.framework in Frameworks */ = {isa = PBXBuildFile; fileRef = 184174E11918776C00254C55 /* UIKit.framework */; };
		184174E81918776C00254C55 /* InfoPlist.strings in Resources */ = {isa = PBXBuildFile; fileRef = 184174E61918776C00254C55 /* InfoPlist.strings */; };
		184174EA1918776C00254C55 /* main.m in Sources */ = {isa = PBXBuildFile; fileRef = 184174E91918776C00254C55 /* main.m */; };
		184174EE1918776C00254C55 /* KidsAppDelegate.m in Sources */ = {isa = PBXBuildFile; fileRef = 184174ED1918776C00254C55 /* KidsAppDelegate.m */; };
		184174F11918776C00254C55 /* Main.storyboard in Resources */ = {isa = PBXBuildFile; fileRef = 184174EF1918776C00254C55 /* Main.storyboard */; };
		184174F41918776C00254C55 /* KidsViewController.m in Sources */ = {isa = PBXBuildFile; fileRef = 184174F31918776C00254C55 /* KidsViewController.m */; };
		184174F61918776C00254C55 /* Images.xcassets in Resources */ = {isa = PBXBuildFile; fileRef = 184174F51918776C00254C55 /* Images.xcassets */; };
		184174FD1918776C00254C55 /* XCTest.framework in Frameworks */ = {isa = PBXBuildFile; fileRef = 184174FC1918776C00254C55 /* XCTest.framework */; };
		184174FE1918776C00254C55 /* Foundation.framework in Frameworks */ = {isa = PBXBuildFile; fileRef = 184174DD1918776C00254C55 /* Foundation.framework */; };
		184174FF1918776C00254C55 /* UIKit.framework in Frameworks */ = {isa = PBXBuildFile; fileRef = 184174E11918776C00254C55 /* UIKit.framework */; };
		184175071918776C00254C55 /* InfoPlist.strings in Resources */ = {isa = PBXBuildFile; fileRef = 184175051918776C00254C55 /* InfoPlist.strings */; };
		184175091918776C00254C55 /* kidsgardenTests.m in Sources */ = {isa = PBXBuildFile; fileRef = 184175081918776C00254C55 /* kidsgardenTests.m */; };
/* End PBXBuildFile section */

/* Begin PBXContainerItemProxy section */
		184175001918776C00254C55 /* PBXContainerItemProxy */ = {
			isa = PBXContainerItemProxy;
			containerPortal = 184174D21918776C00254C55 /* Project object */;
			proxyType = 1;
			remoteGlobalIDString = 184174D91918776C00254C55;
			remoteInfo = kidsgarden;
		};
/* End PBXContainerItemProxy section */

/* Begin PBXFileReference section */
		184174DA1918776C00254C55 /* kidsgarden.app */ = {isa = PBXFileReference; explicitFileType = wrapper.application; includeInIndex = 0; path = kidsgarden.app; sourceTree = BUILT_PRODUCTS_DIR; };
		184174DD1918776C00254C55 /* Foundation.framework */ = {isa = PBXFileReference; lastKnownFileType = wrapper.framework; name = Foundation.framework; path = System/Library/Frameworks/Foundation.framework; sourceTree = SDKROOT; };
		184174DF1918776C00254C55 /* CoreGraphics.framework */ = {isa = PBXFileReference; lastKnownFileType = wrapper.framework; name = CoreGraphics.framework; path = System/Library/Frameworks/CoreGraphics.framework; sourceTree = SDKROOT; };
		184174E11918776C00254C55 /* UIKit.framework */ = {isa = PBXFileReference; lastKnownFileType = wrapper.framework; name = UIKit.framework; path = System/Library/Frameworks/UIKit.framework; sourceTree = SDKROOT; };
		184174E51918776C00254C55 /* kidsgarden-Info.plist */ = {isa = PBXFileReference; lastKnownFileType = text.plist.xml; path = "kidsgarden-Info.plist"; sourceTree = "<group>"; };
		184174E71918776C00254C55 /* en */ = {isa = PBXFileReference; lastKnownFileType = text.plist.strings; name = en; path = en.lproj/InfoPlist.strings; sourceTree = "<group>"; };
		184174E91918776C00254C55 /* main.m */ = {isa = PBXFileReference; lastKnownFileType = sourcecode.c.objc; path = main.m; sourceTree = "<group>"; };
		184174EB1918776C00254C55 /* kidsgarden-Prefix.pch */ = {isa = PBXFileReference; lastKnownFileType = sourcecode.c.h; path = "kidsgarden-Prefix.pch"; sourceTree = "<group>"; };
		184174EC1918776C00254C55 /* KidsAppDelegate.h */ = {isa = PBXFileReference; lastKnownFileType = sourcecode.c.h; path = KidsAppDelegate.h; sourceTree = "<group>"; };
		184174ED1918776C00254C55 /* KidsAppDelegate.m */ = {isa = PBXFileReference; lastKnownFileType = sourcecode.c.objc; path = KidsAppDelegate.m; sourceTree = "<group>"; };
		184174F01918776C00254C55 /* Base */ = {isa = PBXFileReference; lastKnownFileType = file.storyboard; name = Base; path = Base.lproj/Main.storyboard; sourceTree = "<group>"; };
		184174F21918776C00254C55 /* KidsViewController.h */ = {isa = PBXFileReference; lastKnownFileType = sourcecode.c.h; path = KidsViewController.h; sourceTree = "<group>"; };
		184174F31918776C00254C55 /* KidsViewController.m */ = {isa = PBXFileReference; lastKnownFileType = sourcecode.c.objc; path = KidsViewController.m; sourceTree = "<group>"; };
		184174F51918776C00254C55 /* Images.xcassets */ = {isa = PBXFileReference; lastKnownFileType = folder.assetcatalog; path = Images.xcassets; sourceTree = "<group>"; };
		184174FB1918776C00254C55 /* kidsgardenTests.xctest */ = {isa = PBXFileReference; explicitFileType = wrapper.cfbundle; includeInIndex = 0; path = kidsgardenTests.xctest; sourceTree = BUILT_PRODUCTS_DIR; };
		184174FC1918776C00254C55 /* XCTest.framework */ = {isa = PBXFileReference; lastKnownFileType = wrapper.framework; name = XCTest.framework; path = Library/Frameworks/XCTest.framework; sourceTree = DEVELOPER_DIR; };
		184175041918776C00254C55 /* kidsgardenTests-Info.plist */ = {isa = PBXFileReference; lastKnownFileType = text.plist.xml; path = "kidsgardenTests-Info.plist"; sourceTree = "<group>"; };
		184175061918776C00254C55 /* en */ = {isa = PBXFileReference; lastKnownFileType = text.plist.strings; name = en; path = en.lproj/InfoPlist.strings; sourceTree = "<group>"; };
		184175081918776C00254C55 /* kidsgardenTests.m */ = {isa = PBXFileReference; lastKnownFileType = sourcecode.c.objc; path = kidsgardenTests.m; sourceTree = "<group>"; };
/* End PBXFileReference section */

/* Begin PBXFrameworksBuildPhase section */
		184174D71918776C00254C55 /* Frameworks */ = {
			isa = PBXFrameworksBuildPhase;
			buildActionMask = 2147483647;
			files = (
				184174E01918776C00254C55 /* CoreGraphics.framework in Frameworks */,
				184174E21918776C00254C55 /* UIKit.framework in Frameworks */,
				184174DE1918776C00254C55 /* Foundation.framework in Frameworks */,
			);
			runOnlyForDeploymentPostprocessing = 0;
		};
		184174F81918776C00254C55 /* Frameworks */ = {
			isa = PBXFrameworksBuildPhase;
			buildActionMask = 2147483647;
			files = (
				184174FD1918776C00254C55 /* XCTest.framework in Frameworks */,
				184174FF1918776C00254C55 /* UIKit.framework in Frameworks */,
				184174FE1918776C00254C55 /* Foundation.framework in Frameworks */,
			);
			runOnlyForDeploymentPostprocessing = 0;
		};
/* End PBXFrameworksBuildPhase section */

/* Begin PBXGroup section */
		184174D11918776C00254C55 = {
			isa = PBXGroup;
			children = (
				184174E31918776C00254C55 /* kidsgarden */,
				184175021918776C00254C55 /* kidsgardenTests */,
				184174DC1918776C00254C55 /* Frameworks */,
				184174DB1918776C00254C55 /* Products */,
			);
			sourceTree = "<group>";
		};
		184174DB1918776C00254C55 /* Products */ = {
			isa = PBXGroup;
			children = (
				184174DA1918776C00254C55 /* kidsgarden.app */,
				184174FB1918776C00254C55 /* kidsgardenTests.xctest */,
			);
			name = Products;
			sourceTree = "<group>";
		};
		184174DC1918776C00254C55 /* Frameworks */ = {
			isa = PBXGroup;
			children = (
				184174DD1918776C00254C55 /* Foundation.framework */,
				184174DF1918776C00254C55 /* CoreGraphics.framework */,
				184174E11918776C00254C55 /* UIKit.framework */,
				184174FC1918776C00254C55 /* XCTest.framework */,
			);
			name = Frameworks;
			sourceTree = "<group>";
		};
		184174E31918776C00254C55 /* kidsgarden */ = {
			isa = PBXGroup;
			children = (
				184174EC1918776C00254C55 /* KidsAppDelegate.h */,
				184174ED1918776C00254C55 /* KidsAppDelegate.m */,
				184174EF1918776C00254C55 /* Main.storyboard */,
				184174F21918776C00254C55 /* KidsViewController.h */,
				184174F31918776C00254C55 /* KidsViewController.m */,
				184174F51918776C00254C55 /* Images.xcassets */,
				184174E41918776C00254C55 /* Supporting Files */,
			);
			path = kidsgarden;
			sourceTree = "<group>";
		};
		184174E41918776C00254C55 /* Supporting Files */ = {
			isa = PBXGroup;
			children = (
				184174E51918776C00254C55 /* kidsgarden-Info.plist */,
				184174E61918776C00254C55 /* InfoPlist.strings */,
				184174E91918776C00254C55 /* main.m */,
				184174EB1918776C00254C55 /* kidsgarden-Prefix.pch */,
			);
			name = "Supporting Files";
			sourceTree = "<group>";
		};
		184175021918776C00254C55 /* kidsgardenTests */ = {
			isa = PBXGroup;
			children = (
				184175081918776C00254C55 /* kidsgardenTests.m */,
				184175031918776C00254C55 /* Supporting Files */,
			);
			path = kidsgardenTests;
			sourceTree = "<group>";
		};
		184175031918776C00254C55 /* Supporting Files */ = {
			isa = PBXGroup;
			children = (
				184175041918776C00254C55 /* kidsgardenTests-Info.plist */,
				184175051918776C00254C55 /* InfoPlist.strings */,
			);
			name = "Supporting Files";
			sourceTree = "<group>";
		};
/* End PBXGroup section */

/* Begin PBXNativeTarget section */
		184174D91918776C00254C55 /* kidsgarden */ = {
			isa = PBXNativeTarget;
			buildConfigurationList = 1841750C1918776C00254C55 /* Build configuration list for PBXNativeTarget "kidsgarden" */;
			buildPhases = (
				184174D61918776C00254C55 /* Sources */,
				184174D71918776C00254C55 /* Frameworks */,
				184174D81918776C00254C55 /* Resources */,
			);
			buildRules = (
			);
			dependencies = (
			);
			name = kidsgarden;
			productName = kidsgarden;
			productReference = 184174DA1918776C00254C55 /* kidsgarden.app */;
			productType = "com.apple.product-type.application";
		};
		184174FA1918776C00254C55 /* kidsgardenTests */ = {
			isa = PBXNativeTarget;
			buildConfigurationList = 1841750F1918776C00254C55 /* Build configuration list for PBXNativeTarget "kidsgardenTests" */;
			buildPhases = (
				184174F71918776C00254C55 /* Sources */,
				184174F81918776C00254C55 /* Frameworks */,
				184174F91918776C00254C55 /* Resources */,
			);
			buildRules = (
			);
			dependencies = (
				184175011918776C00254C55 /* PBXTargetDependency */,
			);
			name = kidsgardenTests;
			productName = kidsgardenTests;
			productReference = 184174FB1918776C00254C55 /* kidsgardenTests.xctest */;
			productType = "com.apple.product-type.bundle.unit-test";
		};
/* End PBXNativeTarget section */

/* Begin PBXProject section */
		184174D21918776C00254C55 /* Project object */ = {
			isa = PBXProject;
			attributes = {
				CLASSPREFIX = Kids;
				LastUpgradeCheck = 0510;
				ORGANIZATIONNAME = ikid;
				TargetAttributes = {
					184174FA1918776C00254C55 = {
						TestTargetID = 184174D91918776C00254C55;
					};
				};
			};
			buildConfigurationList = 184174D51918776C00254C55 /* Build configuration list for PBXProject "kidsgarden" */;
			compatibilityVersion = "Xcode 3.2";
			developmentRegion = English;
			hasScannedForEncodings = 0;
			knownRegions = (
				en,
				Base,
			);
			mainGroup = 184174D11918776C00254C55;
			productRefGroup = 184174DB1918776C00254C55 /* Products */;
			projectDirPath = "";
			projectRoot = "";
			targets = (
				184174D91918776C00254C55 /* kidsgarden */,
				184174FA1918776C00254C55 /* kidsgardenTests */,
			);
		};
/* End PBXProject section */

/* Begin PBXResourcesBuildPhase section */
		184174D81918776C00254C55 /* Resources */ = {
			isa = PBXResourcesBuildPhase;
			buildActionMask = 2147483647;
			files = (
				184174F61918776C00254C55 /* Images.xcassets in Resources */,
				184174E81918776C00254C55 /* InfoPlist.strings in Resources */,
				184174F11918776C00254C55 /* Main.storyboard in Resources */,
			);
			runOnlyForDeploymentPostprocessing = 0;
		};
		184174F91918776C00254C55 /* Resources */ = {
			isa = PBXResourcesBuildPhase;
			buildActionMask = 2147483647;
			files = (
				184175071918776C00254C55 /* InfoPlist.strings in Resources */,
			);
			runOnlyForDeploymentPostprocessing = 0;
		};
/* End PBXResourcesBuildPhase section */

/* Begin PBXSourcesBuildPhase section */
		184174D61918776C00254C55 /* Sources */ = {
			isa = PBXSourcesBuildPhase;
			buildActionMask = 2147483647;
			files = (
				184174EA1918776C00254C55 /* main.m in Sources */,
				184174F41918776C00254C55 /* KidsViewController.m in Sources */,
				184174EE1918776C00254C55 /* KidsAppDelegate.m in Sources */,
			);
			runOnlyForDeploymentPostprocessing = 0;
		};
		184174F71918776C00254C55 /* Sources */ = {
			isa = PBXSourcesBuildPhase;
			buildActionMask = 2147483647;
			files = (
				184175091918776C00254C55 /* kidsgardenTests.m in Sources */,
			);
			runOnlyForDeploymentPostprocessing = 0;
		};
/* End PBXSourcesBuildPhase section */

/* Begin PBXTargetDependency section */
		184175011918776C00254C55 /* PBXTargetDependency */ = {
			isa = PBXTargetDependency;
			target = 184174D91918776C00254C55 /* kidsgarden */;
			targetProxy = 184175001918776C00254C55 /* PBXContainerItemProxy */;
		};
/* End PBXTargetDependency section */

/* Begin PBXVariantGroup section */
		184174E61918776C00254C55 /* InfoPlist.strings */ = {
			isa = PBXVariantGroup;
			children = (
				184174E71918776C00254C55 /* en */,
			);
			name = InfoPlist.strings;
			sourceTree = "<group>";
		};
		184174EF1918776C00254C55 /* Main.storyboard */ = {
			isa = PBXVariantGroup;
			children = (
				184174F01918776C00254C55 /* Base */,
			);
			name = Main.storyboard;
			sourceTree = "<group>";
		};
		184175051918776C00254C55 /* InfoPlist.strings */ = {
			isa = PBXVariantGroup;
			children = (
				184175061918776C00254C55 /* en */,
			);
			name = InfoPlist.strings;
			sourceTree = "<group>";
		};
/* End PBXVariantGroup section */

/* Begin XCBuildConfiguration section */
		1841750A1918776C00254C55 /* Debug */ = {
			isa = XCBuildConfiguration;
			buildSettings = {
				ALWAYS_SEARCH_USER_PATHS = NO;
				CLANG_CXX_LANGUAGE_STANDARD = "gnu++0x";
				CLANG_CXX_LIBRARY = "libc++";
				CLANG_ENABLE_MODULES = YES;
				CLANG_ENABLE_OBJC_ARC = YES;
				CLANG_WARN_BOOL_CONVERSION = YES;
				CLANG_WARN_CONSTANT_CONVERSION = YES;
				CLANG_WARN_DIRECT_OBJC_ISA_USAGE = YES_ERROR;
				CLANG_WARN_EMPTY_BODY = YES;
				CLANG_WARN_ENUM_CONVERSION = YES;
				CLANG_WARN_INT_CONVERSION = YES;
				CLANG_WARN_OBJC_ROOT_CLASS = YES_ERROR;
				CLANG_WARN__DUPLICATE_METHOD_MATCH = YES;
				"CODE_SIGN_IDENTITY[sdk=iphoneos*]" = "iPhone Developer";
				COPY_PHASE_STRIP = NO;
				GCC_C_LANGUAGE_STANDARD = gnu99;
				GCC_DYNAMIC_NO_PIC = NO;
				GCC_OPTIMIZATION_LEVEL = 0;
				GCC_PREPROCESSOR_DEFINITIONS = (
					"DEBUG=1",
					"$(inherited)",
				);
				GCC_SYMBOLS_PRIVATE_EXTERN = NO;
				GCC_WARN_64_TO_32_BIT_CONVERSION = YES;
				GCC_WARN_ABOUT_RETURN_TYPE = YES_ERROR;
				GCC_WARN_UNDECLARED_SELECTOR = YES;
				GCC_WARN_UNINITIALIZED_AUTOS = YES_AGGRESSIVE;
				GCC_WARN_UNUSED_FUNCTION = YES;
				GCC_WARN_UNUSED_VARIABLE = YES;
				IPHONEOS_DEPLOYMENT_TARGET = 7.1;
				ONLY_ACTIVE_ARCH = YES;
				SDKROOT = iphoneos;
			};
			name = Debug;
		};
		1841750B1918776C00254C55 /* Release */ = {
			isa = XCBuildConfiguration;
			buildSettings = {
				ALWAYS_SEARCH_USER_PATHS = NO;
				CLANG_CXX_LANGUAGE_STANDARD = "gnu++0x";
				CLANG_CXX_LIBRARY = "libc++";
				CLANG_ENABLE_MODULES = YES;
				CLANG_ENABLE_OBJC_ARC = YES;
				CLANG_WARN_BOOL_CONVERSION = YES;
				CLANG_WARN_CONSTANT_CONVERSION = YES;
				CLANG_WARN_DIRECT_OBJC_ISA_USAGE = YES_ERROR;
				CLANG_WARN_EMPTY_BODY = YES;
				CLANG_WARN_ENUM_CONVERSION = YES;
				CLANG_WARN_INT_CONVERSION = YES;
				CLANG_WARN_OBJC_ROOT_CLASS = YES_ERROR;
				CLANG_WARN__DUPLICATE_METHOD_MATCH = YES;
				"CODE_SIGN_IDENTITY[sdk=iphoneos*]" = "iPhone Developer";
				COPY_PHASE_STRIP = YES;
				ENABLE_NS_ASSERTIONS = NO;
				GCC_C_LANGUAGE_STANDARD = gnu99;
				GCC_WARN_64_TO_32_BIT_CONVERSION = YES;
				GCC_WARN_ABOUT_RETURN_TYPE = YES_ERROR;
				GCC_WARN_UNDECLARED_SELECTOR = YES;
				GCC_WARN_UNINITIALIZED_AUTOS = YES_AGGRESSIVE;
				GCC_WARN_UNUSED_FUNCTION = YES;
				GCC_WARN_UNUSED_VARIABLE = YES;
				IPHONEOS_DEPLOYMENT_TARGET = 7.1;
				SDKROOT = iphoneos;
				VALIDATE_PRODUCT = YES;
			};
			name = Release;
		};
		1841750D1918776C00254C55 /* Debug */ = {
			isa = XCBuildConfiguration;
			buildSettings = {
				ASSETCATALOG_COMPILER_APPICON_NAME = AppIcon;
				ASSETCATALOG_COMPILER_LAUNCHIMAGE_NAME = LaunchImage;
				GCC_PRECOMPILE_PREFIX_HEADER = YES;
				GCC_PREFIX_HEADER = "kidsgarden/kidsgarden-Prefix.pch";
				INFOPLIST_FILE = "kidsgarden/kidsgarden-Info.plist";
				PRODUCT_NAME = "$(TARGET_NAME)";
				WRAPPER_EXTENSION = app;
			};
			name = Debug;
		};
		1841750E1918776C00254C55 /* Release */ = {
			isa = XCBuildConfiguration;
			buildSettings = {
				ASSETCATALOG_COMPILER_APPICON_NAME = AppIcon;
				ASSETCATALOG_COMPILER_LAUNCHIMAGE_NAME = LaunchImage;
				GCC_PRECOMPILE_PREFIX_HEADER = YES;
				GCC_PREFIX_HEADER = "kidsgarden/kidsgarden-Prefix.pch";
				INFOPLIST_FILE = "kidsgarden/kidsgarden-Info.plist";
				PRODUCT_NAME = "$(TARGET_NAME)";
				WRAPPER_EXTENSION = app;
			};
			name = Release;
		};
		184175101918776C00254C55 /* Debug */ = {
			isa = XCBuildConfiguration;
			buildSettings = {
				BUNDLE_LOADER = "$(BUILT_PRODUCTS_DIR)/kidsgarden.app/kidsgarden";
				FRAMEWORK_SEARCH_PATHS = (
					"$(SDKROOT)/Developer/Library/Frameworks",
					"$(inherited)",
					"$(DEVELOPER_FRAMEWORKS_DIR)",
				);
				GCC_PRECOMPILE_PREFIX_HEADER = YES;
				GCC_PREFIX_HEADER = "kidsgarden/kidsgarden-Prefix.pch";
				GCC_PREPROCESSOR_DEFINITIONS = (
					"DEBUG=1",
					"$(inherited)",
				);
				INFOPLIST_FILE = "kidsgardenTests/kidsgardenTests-Info.plist";
				PRODUCT_NAME = "$(TARGET_NAME)";
				TEST_HOST = "$(BUNDLE_LOADER)";
				WRAPPER_EXTENSION = xctest;
			};
			name = Debug;
		};
		184175111918776C00254C55 /* Release */ = {
			isa = XCBuildConfiguration;
			buildSettings = {
				BUNDLE_LOADER = "$(BUILT_PRODUCTS_DIR)/kidsgarden.app/kidsgarden";
				FRAMEWORK_SEARCH_PATHS = (
					"$(SDKROOT)/Developer/Library/Frameworks",
					"$(inherited)",
					"$(DEVELOPER_FRAMEWORKS_DIR)",
				);
				GCC_PRECOMPILE_PREFIX_HEADER = YES;
				GCC_PREFIX_HEADER = "kidsgarden/kidsgarden-Prefix.pch";
				INFOPLIST_FILE = "kidsgardenTests/kidsgardenTests-Info.plist";
				PRODUCT_NAME = "$(TARGET_NAME)";
				TEST_HOST = "$(BUNDLE_LOADER)";
				WRAPPER_EXTENSION = xctest;
			};
			name = Release;
		};
/* End XCBuildConfiguration section */

/* Begin XCConfigurationList section */
		184174D51918776C00254C55 /* Build configuration list for PBXProject "kidsgarden" */ = {
			isa = XCConfigurationList;
			buildConfigurations = (
				1841750A1918776C00254C55 /* Debug */,
				1841750B1918776C00254C55 /* Release */,
			);
			defaultConfigurationIsVisible = 0;
			defaultConfigurationName = Release;
		};
		1841750C1918776C00254C55 /* Build configuration list for PBXNativeTarget "kidsgarden" */ = {
			isa = XCConfigurationList;
			buildConfigurations = (
				1841750D1918776C00254C55 /* Debug */,
				1841750E1918776C00254C55 /* Release */,
			);
			defaultConfigurationIsVisible = 0;
		};
		1841750F1918776C00254C55 /* Build configuration list for PBXNativeTarget "kidsgardenTests" */ = {
			isa = XCConfigurationList;
			buildConfigurations = (
				184175101918776C00254C55 /* Debug */,
				184175111918776C00254C55 /* Release */,
			);
			defaultConfigurationIsVisible = 0;
		};
/* End XCConfigurationList section */
	};
	rootObject = 184174D21918776C00254C55 /* Project object */;
}
